
Microsoft Visual Studio Solution File, Format Version 12.00
# Visual Studio Version 16
VisualStudioVersion = 16.0.32106.194
MinimumVisualStudioVersion = 10.0.40219.1
Project("{9A19103F-16F7-4668-BE54-9A1E7A4F7556}") = "EsperClass", "EsperClass.csproj", "{2A619B95-B92B-49D8-A2AA-B772B554BDDE}"
EndProject
Global
	GlobalSection(SolutionConfigurationPlatforms) = preSolution
		Debug|Any CPU = Debug|Any CPU
		Release|Any CPU = Release|Any CPU
	EndGlobalSection
	GlobalSection(ProjectConfigurationPlatforms) = postSolution
		{2A619B95-B92B-49D8-A2AA-B772B554BDDE}.Debug|Any CPU.ActiveCfg = Debug|Any CPU
		{2A619B95-B92B-49D8-A2AA-B772B554BDDE}.Debug|Any CPU.Build.0 = Debug|Any CPU
		{2A619B95-B92B-49D8-A2AA-B772B554BDDE}.Release|Any CPU.ActiveCfg = Release|Any CPU
		{2A619B95-B92B-49D8-A2AA-B772B554BDDE}.Release|Any CPU.Build.0 = Release|Any CPU
	EndGlobalSection
	GlobalSection(SolutionProperties) = preSolution
		HideSolutionNode = FALSE
	EndGlobalSection
	GlobalSection(ExtensibilityGlobals) = postSolution
		SolutionGuid = {6668D42C-8283-479F-9F1C-4AAC8E65F1B7}
	EndGlobalSection
EndGlobal
